
Microsoft Visual Studio Solution File, Format Version 12.00
# Visual Studio Version 16
VisualStudioVersion = 16.0.31702.278
MinimumVisualStudioVersion = 10.0.40219.1
Project("{FAE04EC0-301F-11D3-BF4B-00C04F79EFBC}") = "Spreadsheet_Arlo_Jones”", "Spreadsheet_Arlo_Jones”\Spreadsheet_Arlo_Jones”.csproj", "{5EB12122-CC26-4F10-B8FC-EE38DA9006A8}"
EndProject
Global
	GlobalSection(SolutionConfigurationPlatforms) = preSolution
		Debug|Any CPU = Debug|Any CPU
		Release|Any CPU = Release|Any CPU
	EndGlobalSection
	GlobalSection(ProjectConfigurationPlatforms) = postSolution
		{5EB12122-CC26-4F10-B8FC-EE38DA9006A8}.Debug|Any CPU.ActiveCfg = Debug|Any CPU
		{5EB12122-CC26-4F10-B8FC-EE38DA9006A8}.Debug|Any CPU.Build.0 = Debug|Any CPU
		{5EB12122-CC26-4F10-B8FC-EE38DA9006A8}.Release|Any CPU.ActiveCfg = Release|Any CPU
		{5EB12122-CC26-4F10-B8FC-EE38DA9006A8}.Release|Any CPU.Build.0 = Release|Any CPU
	EndGlobalSection
	GlobalSection(SolutionProperties) = preSolution
		HideSolutionNode = FALSE
	EndGlobalSection
	GlobalSection(ExtensibilityGlobals) = postSolution
		SolutionGuid = {4894718D-2C5D-46AE-8BA5-11FB62EA54F3}
	EndGlobalSection
EndGlobal
